// !$*UTF8*$!
{
	archiveVersion = 1;
	classes = {
	};
	objectVersion = 56;
	objects = {

/* Begin PBXBuildFile section */
		973FDBA22B7B283100EFD785 /* AppPawsitiveApp.swift in Sources */ = {isa = PBXBuildFile; fileRef = 973FDBA12B7B283100EFD785 /* AppPawsitiveApp.swift */; };
		973FDBA42B7B283200EFD785 /* ContentView.swift in Sources */ = {isa = PBXBuildFile; fileRef = 973FDBA32B7B283200EFD785 /* ContentView.swift */; };
		973FDBA62B7B283300EFD785 /* Assets.xcassets in Resources */ = {isa = PBXBuildFile; fileRef = 973FDBA52B7B283300EFD785 /* Assets.xcassets */; };
		973FDBA92B7B283300EFD785 /* Preview Assets.xcassets in Resources */ = {isa = PBXBuildFile; fileRef = 973FDBA82B7B283300EFD785 /* Preview Assets.xcassets */; };
		973FDBB32B7B289D00EFD785 /* profileView.swift in Sources */ = {isa = PBXBuildFile; fileRef = 973FDBB22B7B289D00EFD785 /* profileView.swift */; };
		973FDBB82B7B292C00EFD785 /* authViewModel.swift in Sources */ = {isa = PBXBuildFile; fileRef = 973FDBB72B7B292C00EFD785 /* authViewModel.swift */; };
		973FDBBB2B7B295400EFD785 /* LoginPage.swift in Sources */ = {isa = PBXBuildFile; fileRef = 973FDBBA2B7B295400EFD785 /* LoginPage.swift */; };
		973FDBBD2B7B297600EFD785 /* RegistrationView.swift in Sources */ = {isa = PBXBuildFile; fileRef = 973FDBBC2B7B297600EFD785 /* RegistrationView.swift */; };
		973FDBC12B7B2A4000EFD785 /* inputView.swift in Sources */ = {isa = PBXBuildFile; fileRef = 973FDBC02B7B2A4000EFD785 /* inputView.swift */; };
		973FDBC32B7B2A6100EFD785 /* settingsRowView.swift in Sources */ = {isa = PBXBuildFile; fileRef = 973FDBC22B7B2A6100EFD785 /* settingsRowView.swift */; };
		973FDBC52B7B2A8300EFD785 /* signButton.swift in Sources */ = {isa = PBXBuildFile; fileRef = 973FDBC42B7B2A8300EFD785 /* signButton.swift */; };
		973FDBC82B7B2AD900EFD785 /* userData.swift in Sources */ = {isa = PBXBuildFile; fileRef = 973FDBC72B7B2AD900EFD785 /* userData.swift */; };
		973FDBCB2B7B2E1C00EFD785 /* FirebaseAnalytics in Frameworks */ = {isa = PBXBuildFile; productRef = 973FDBCA2B7B2E1C00EFD785 /* FirebaseAnalytics */; };
		973FDBCD2B7B2E1C00EFD785 /* FirebaseAnalyticsOnDeviceConversion in Frameworks */ = {isa = PBXBuildFile; productRef = 973FDBCC2B7B2E1C00EFD785 /* FirebaseAnalyticsOnDeviceConversion */; };
		973FDBCF2B7B2E1C00EFD785 /* FirebaseAnalyticsSwift in Frameworks */ = {isa = PBXBuildFile; productRef = 973FDBCE2B7B2E1C00EFD785 /* FirebaseAnalyticsSwift */; };
		973FDBD12B7B2E1C00EFD785 /* FirebaseAnalyticsWithoutAdIdSupport in Frameworks */ = {isa = PBXBuildFile; productRef = 973FDBD02B7B2E1C00EFD785 /* FirebaseAnalyticsWithoutAdIdSupport */; };
		973FDBD32B7B2E1C00EFD785 /* FirebaseAppCheck in Frameworks */ = {isa = PBXBuildFile; productRef = 973FDBD22B7B2E1C00EFD785 /* FirebaseAppCheck */; };
		973FDBD52B7B2E1C00EFD785 /* FirebaseAppDistribution-Beta in Frameworks */ = {isa = PBXBuildFile; productRef = 973FDBD42B7B2E1C00EFD785 /* FirebaseAppDistribution-Beta */; };
		973FDBD72B7B2E1C00EFD785 /* FirebaseAuth in Frameworks */ = {isa = PBXBuildFile; productRef = 973FDBD62B7B2E1C00EFD785 /* FirebaseAuth */; };
		973FDBD92B7B2E1C00EFD785 /* FirebaseAuthCombine-Community in Frameworks */ = {isa = PBXBuildFile; productRef = 973FDBD82B7B2E1C00EFD785 /* FirebaseAuthCombine-Community */; };
		973FDBDB2B7B2E1C00EFD785 /* FirebaseCrashlytics in Frameworks */ = {isa = PBXBuildFile; productRef = 973FDBDA2B7B2E1C00EFD785 /* FirebaseCrashlytics */; };
		973FDBDD2B7B2E1C00EFD785 /* FirebaseDatabase in Frameworks */ = {isa = PBXBuildFile; productRef = 973FDBDC2B7B2E1C00EFD785 /* FirebaseDatabase */; };
		973FDBDF2B7B2E1C00EFD785 /* FirebaseDatabaseSwift in Frameworks */ = {isa = PBXBuildFile; productRef = 973FDBDE2B7B2E1C00EFD785 /* FirebaseDatabaseSwift */; };
		973FDBE12B7B2E1C00EFD785 /* FirebaseDynamicLinks in Frameworks */ = {isa = PBXBuildFile; productRef = 973FDBE02B7B2E1C00EFD785 /* FirebaseDynamicLinks */; };
		973FDBE32B7B2E1C00EFD785 /* FirebaseFirestore in Frameworks */ = {isa = PBXBuildFile; productRef = 973FDBE22B7B2E1C00EFD785 /* FirebaseFirestore */; };
		973FDBE52B7B2E1C00EFD785 /* FirebaseFirestoreCombine-Community in Frameworks */ = {isa = PBXBuildFile; productRef = 973FDBE42B7B2E1C00EFD785 /* FirebaseFirestoreCombine-Community */; };
		973FDBE72B7B2E1C00EFD785 /* FirebaseFirestoreSwift in Frameworks */ = {isa = PBXBuildFile; productRef = 973FDBE62B7B2E1C00EFD785 /* FirebaseFirestoreSwift */; };
		973FDBE92B7B2E1C00EFD785 /* FirebaseFunctions in Frameworks */ = {isa = PBXBuildFile; productRef = 973FDBE82B7B2E1C00EFD785 /* FirebaseFunctions */; };
		973FDBEB2B7B2E1C00EFD785 /* FirebaseFunctionsCombine-Community in Frameworks */ = {isa = PBXBuildFile; productRef = 973FDBEA2B7B2E1C00EFD785 /* FirebaseFunctionsCombine-Community */; };
		973FDBED2B7B2E1C00EFD785 /* FirebaseInAppMessaging-Beta in Frameworks */ = {isa = PBXBuildFile; productRef = 973FDBEC2B7B2E1C00EFD785 /* FirebaseInAppMessaging-Beta */; };
		973FDBEF2B7B2E1C00EFD785 /* FirebaseInAppMessagingSwift-Beta in Frameworks */ = {isa = PBXBuildFile; productRef = 973FDBEE2B7B2E1C00EFD785 /* FirebaseInAppMessagingSwift-Beta */; };
		973FDBF12B7B2E1C00EFD785 /* FirebaseInstallations in Frameworks */ = {isa = PBXBuildFile; productRef = 973FDBF02B7B2E1C00EFD785 /* FirebaseInstallations */; };
		973FDBF32B7B2E1C00EFD785 /* FirebaseMLModelDownloader in Frameworks */ = {isa = PBXBuildFile; productRef = 973FDBF22B7B2E1C00EFD785 /* FirebaseMLModelDownloader */; };
		973FDBF52B7B2E1C00EFD785 /* FirebaseMessaging in Frameworks */ = {isa = PBXBuildFile; productRef = 973FDBF42B7B2E1C00EFD785 /* FirebaseMessaging */; };
		973FDBF72B7B2E1C00EFD785 /* FirebasePerformance in Frameworks */ = {isa = PBXBuildFile; productRef = 973FDBF62B7B2E1C00EFD785 /* FirebasePerformance */; };
		973FDBF92B7B2E1C00EFD785 /* FirebaseRemoteConfig in Frameworks */ = {isa = PBXBuildFile; productRef = 973FDBF82B7B2E1C00EFD785 /* FirebaseRemoteConfig */; };
		973FDBFB2B7B2E1C00EFD785 /* FirebaseRemoteConfigSwift in Frameworks */ = {isa = PBXBuildFile; productRef = 973FDBFA2B7B2E1C00EFD785 /* FirebaseRemoteConfigSwift */; };
		973FDBFD2B7B2E1C00EFD785 /* FirebaseStorage in Frameworks */ = {isa = PBXBuildFile; productRef = 973FDBFC2B7B2E1C00EFD785 /* FirebaseStorage */; };
		973FDBFF2B7B2E1C00EFD785 /* FirebaseStorageCombine-Community in Frameworks */ = {isa = PBXBuildFile; productRef = 973FDBFE2B7B2E1C00EFD785 /* FirebaseStorageCombine-Community */; };
		973FDC012B7B2E5A00EFD785 /* GoogleService-Info.plist in Resources */ = {isa = PBXBuildFile; fileRef = 973FDC002B7B2E5A00EFD785 /* GoogleService-Info.plist */; };
		9753C0662B7F302C00CFA486 /* passwordContent.swift in Sources */ = {isa = PBXBuildFile; fileRef = 9753C0652B7F302C00CFA486 /* passwordContent.swift */; };
/* End PBXBuildFile section */

/* Begin PBXFileReference section */
		973FDB9E2B7B283100EFD785 /* AppPawsitive.app */ = {isa = PBXFileReference; explicitFileType = wrapper.application; includeInIndex = 0; path = AppPawsitive.app; sourceTree = BUILT_PRODUCTS_DIR; };
		973FDBA12B7B283100EFD785 /* AppPawsitiveApp.swift */ = {isa = PBXFileReference; lastKnownFileType = sourcecode.swift; path = AppPawsitiveApp.swift; sourceTree = "<group>"; };
		973FDBA32B7B283200EFD785 /* ContentView.swift */ = {isa = PBXFileReference; lastKnownFileType = sourcecode.swift; path = ContentView.swift; sourceTree = "<group>"; };
		973FDBA52B7B283300EFD785 /* Assets.xcassets */ = {isa = PBXFileReference; lastKnownFileType = folder.assetcatalog; path = Assets.xcassets; sourceTree = "<group>"; };
		973FDBA82B7B283300EFD785 /* Preview Assets.xcassets */ = {isa = PBXFileReference; lastKnownFileType = folder.assetcatalog; path = "Preview Assets.xcassets"; sourceTree = "<group>"; };
		973FDBB22B7B289D00EFD785 /* profileView.swift */ = {isa = PBXFileReference; lastKnownFileType = sourcecode.swift; path = profileView.swift; sourceTree = "<group>"; };
		973FDBB72B7B292C00EFD785 /* authViewModel.swift */ = {isa = PBXFileReference; lastKnownFileType = sourcecode.swift; path = authViewModel.swift; sourceTree = "<group>"; };
		973FDBBA2B7B295400EFD785 /* LoginPage.swift */ = {isa = PBXFileReference; lastKnownFileType = sourcecode.swift; path = LoginPage.swift; sourceTree = "<group>"; };
		973FDBBC2B7B297600EFD785 /* RegistrationView.swift */ = {isa = PBXFileReference; lastKnownFileType = sourcecode.swift; path = RegistrationView.swift; sourceTree = "<group>"; };
		973FDBC02B7B2A4000EFD785 /* inputView.swift */ = {isa = PBXFileReference; lastKnownFileType = sourcecode.swift; path = inputView.swift; sourceTree = "<group>"; };
		973FDBC22B7B2A6100EFD785 /* settingsRowView.swift */ = {isa = PBXFileReference; lastKnownFileType = sourcecode.swift; path = settingsRowView.swift; sourceTree = "<group>"; };
		973FDBC42B7B2A8300EFD785 /* signButton.swift */ = {isa = PBXFileReference; lastKnownFileType = sourcecode.swift; path = signButton.swift; sourceTree = "<group>"; };
		973FDBC72B7B2AD900EFD785 /* userData.swift */ = {isa = PBXFileReference; lastKnownFileType = sourcecode.swift; path = userData.swift; sourceTree = "<group>"; };
		973FDC002B7B2E5A00EFD785 /* GoogleService-Info.plist */ = {isa = PBXFileReference; fileEncoding = 4; lastKnownFileType = text.plist.xml; path = "GoogleService-Info.plist"; sourceTree = "<group>"; };
		9753C0652B7F302C00CFA486 /* passwordContent.swift */ = {isa = PBXFileReference; lastKnownFileType = sourcecode.swift; path = passwordContent.swift; sourceTree = "<group>"; };
/* End PBXFileReference section */

/* Begin PBXFrameworksBuildPhase section */
		973FDB9B2B7B283100EFD785 /* Frameworks */ = {
			isa = PBXFrameworksBuildPhase;
			buildActionMask = 2147483647;
			files = (
				973FDBDD2B7B2E1C00EFD785 /* FirebaseDatabase in Frameworks */,
				973FDBEB2B7B2E1C00EFD785 /* FirebaseFunctionsCombine-Community in Frameworks */,
				973FDBE32B7B2E1C00EFD785 /* FirebaseFirestore in Frameworks */,
				973FDBCF2B7B2E1C00EFD785 /* FirebaseAnalyticsSwift in Frameworks */,
				973FDBCB2B7B2E1C00EFD785 /* FirebaseAnalytics in Frameworks */,
				973FDBCD2B7B2E1C00EFD785 /* FirebaseAnalyticsOnDeviceConversion in Frameworks */,
				973FDBF32B7B2E1C00EFD785 /* FirebaseMLModelDownloader in Frameworks */,
				973FDBE72B7B2E1C00EFD785 /* FirebaseFirestoreSwift in Frameworks */,
				973FDBD32B7B2E1C00EFD785 /* FirebaseAppCheck in Frameworks */,
				973FDBD12B7B2E1C00EFD785 /* FirebaseAnalyticsWithoutAdIdSupport in Frameworks */,
				973FDBD72B7B2E1C00EFD785 /* FirebaseAuth in Frameworks */,
				973FDBDB2B7B2E1C00EFD785 /* FirebaseCrashlytics in Frameworks */,
				973FDBFB2B7B2E1C00EFD785 /* FirebaseRemoteConfigSwift in Frameworks */,
				973FDBED2B7B2E1C00EFD785 /* FirebaseInAppMessaging-Beta in Frameworks */,
				973FDBDF2B7B2E1C00EFD785 /* FirebaseDatabaseSwift in Frameworks */,
				973FDBE92B7B2E1C00EFD785 /* FirebaseFunctions in Frameworks */,
				973FDBFF2B7B2E1C00EFD785 /* FirebaseStorageCombine-Community in Frameworks */,
				973FDBF92B7B2E1C00EFD785 /* FirebaseRemoteConfig in Frameworks */,
				973FDBD52B7B2E1C00EFD785 /* FirebaseAppDistribution-Beta in Frameworks */,
				973FDBD92B7B2E1C00EFD785 /* FirebaseAuthCombine-Community in Frameworks */,
				973FDBF72B7B2E1C00EFD785 /* FirebasePerformance in Frameworks */,
				973FDBEF2B7B2E1C00EFD785 /* FirebaseInAppMessagingSwift-Beta in Frameworks */,
				973FDBFD2B7B2E1C00EFD785 /* FirebaseStorage in Frameworks */,
				973FDBE12B7B2E1C00EFD785 /* FirebaseDynamicLinks in Frameworks */,
				973FDBE52B7B2E1C00EFD785 /* FirebaseFirestoreCombine-Community in Frameworks */,
				973FDBF52B7B2E1C00EFD785 /* FirebaseMessaging in Frameworks */,
				973FDBF12B7B2E1C00EFD785 /* FirebaseInstallations in Frameworks */,
			);
			runOnlyForDeploymentPostprocessing = 0;
		};
/* End PBXFrameworksBuildPhase section */

/* Begin PBXGroup section */
		973FDB952B7B283100EFD785 = {
			isa = PBXGroup;
			children = (
				973FDBA02B7B283100EFD785 /* AppPawsitive */,
				973FDB9F2B7B283100EFD785 /* Products */,
			);
			sourceTree = "<group>";
		};
		973FDB9F2B7B283100EFD785 /* Products */ = {
			isa = PBXGroup;
			children = (
				973FDB9E2B7B283100EFD785 /* AppPawsitive.app */,
			);
			name = Products;
			sourceTree = "<group>";
		};
		973FDBA02B7B283100EFD785 /* AppPawsitive */ = {
			isa = PBXGroup;
			children = (
				973FDBC62B7B2AAE00EFD785 /* Model */,
				973FDBAF2B7B284E00EFD785 /* App */,
				973FDBBF2B7B2A1F00EFD785 /* Components */,
				973FDBB62B7B290800EFD785 /* Core */,
				973FDC002B7B2E5A00EFD785 /* GoogleService-Info.plist */,
				973FDBA52B7B283300EFD785 /* Assets.xcassets */,
				973FDBA72B7B283300EFD785 /* Preview Content */,
			);
			path = AppPawsitive;
			sourceTree = "<group>";
		};
		973FDBA72B7B283300EFD785 /* Preview Content */ = {
			isa = PBXGroup;
			children = (
				973FDBA82B7B283300EFD785 /* Preview Assets.xcassets */,
			);
			path = "Preview Content";
			sourceTree = "<group>";
		};
		973FDBAF2B7B284E00EFD785 /* App */ = {
			isa = PBXGroup;
			children = (
				973FDBA12B7B283100EFD785 /* AppPawsitiveApp.swift */,
			);
			path = App;
			sourceTree = "<group>";
		};
		973FDBB02B7B286100EFD785 /* root */ = {
			isa = PBXGroup;
			children = (
				973FDBA32B7B283200EFD785 /* ContentView.swift */,
			);
			path = root;
			sourceTree = "<group>";
		};
		973FDBB12B7B288A00EFD785 /* profile */ = {
			isa = PBXGroup;
			children = (
				973FDBB22B7B289D00EFD785 /* profileView.swift */,
			);
			path = profile;
			sourceTree = "<group>";
		};
		973FDBB42B7B28E600EFD785 /* Authentification */ = {
			isa = PBXGroup;
			children = (
				973FDBB52B7B28FB00EFD785 /* ViewModel */,
				973FDBB92B7B293E00EFD785 /* Views */,
			);
			path = Authentification;
			sourceTree = "<group>";
		};
		973FDBB52B7B28FB00EFD785 /* ViewModel */ = {
			isa = PBXGroup;
			children = (
				973FDBB72B7B292C00EFD785 /* authViewModel.swift */,
			);
			path = ViewModel;
			sourceTree = "<group>";
		};
		973FDBB62B7B290800EFD785 /* Core */ = {
			isa = PBXGroup;
			children = (
				973FDBB42B7B28E600EFD785 /* Authentification */,
				973FDBB12B7B288A00EFD785 /* profile */,
				973FDBB02B7B286100EFD785 /* root */,
			);
			path = Core;
			sourceTree = "<group>";
		};
		973FDBB92B7B293E00EFD785 /* Views */ = {
			isa = PBXGroup;
			children = (
				973FDBBA2B7B295400EFD785 /* LoginPage.swift */,
				973FDBBC2B7B297600EFD785 /* RegistrationView.swift */,
			);
			path = Views;
			sourceTree = "<group>";
		};
		973FDBBF2B7B2A1F00EFD785 /* Components */ = {
			isa = PBXGroup;
			children = (
				973FDBC02B7B2A4000EFD785 /* inputView.swift */,
				973FDBC22B7B2A6100EFD785 /* settingsRowView.swift */,
				973FDBC42B7B2A8300EFD785 /* signButton.swift */,
				9753C0652B7F302C00CFA486 /* passwordContent.swift */,
			);
			path = Components;
			sourceTree = "<group>";
		};
		973FDBC62B7B2AAE00EFD785 /* Model */ = {
			isa = PBXGroup;
			children = (
				973FDBC72B7B2AD900EFD785 /* userData.swift */,
			);
			path = Model;
			sourceTree = "<group>";
		};
/* End PBXGroup section */

/* Begin PBXNativeTarget section */
		973FDB9D2B7B283100EFD785 /* AppPawsitive */ = {
			isa = PBXNativeTarget;
			buildConfigurationList = 973FDBAC2B7B283300EFD785 /* Build configuration list for PBXNativeTarget "AppPawsitive" */;
			buildPhases = (
				973FDB9A2B7B283100EFD785 /* Sources */,
				973FDB9B2B7B283100EFD785 /* Frameworks */,
				973FDB9C2B7B283100EFD785 /* Resources */,
			);
			buildRules = (
			);
			dependencies = (
			);
			name = AppPawsitive;
			packageProductDependencies = (
				973FDBCA2B7B2E1C00EFD785 /* FirebaseAnalytics */,
				973FDBCC2B7B2E1C00EFD785 /* FirebaseAnalyticsOnDeviceConversion */,
				973FDBCE2B7B2E1C00EFD785 /* FirebaseAnalyticsSwift */,
				973FDBD02B7B2E1C00EFD785 /* FirebaseAnalyticsWithoutAdIdSupport */,
				973FDBD22B7B2E1C00EFD785 /* FirebaseAppCheck */,
				973FDBD42B7B2E1C00EFD785 /* FirebaseAppDistribution-Beta */,
				973FDBD62B7B2E1C00EFD785 /* FirebaseAuth */,
				973FDBD82B7B2E1C00EFD785 /* FirebaseAuthCombine-Community */,
				973FDBDA2B7B2E1C00EFD785 /* FirebaseCrashlytics */,
				973FDBDC2B7B2E1C00EFD785 /* FirebaseDatabase */,
				973FDBDE2B7B2E1C00EFD785 /* FirebaseDatabaseSwift */,
				973FDBE02B7B2E1C00EFD785 /* FirebaseDynamicLinks */,
				973FDBE22B7B2E1C00EFD785 /* FirebaseFirestore */,
				973FDBE42B7B2E1C00EFD785 /* FirebaseFirestoreCombine-Community */,
				973FDBE62B7B2E1C00EFD785 /* FirebaseFirestoreSwift */,
				973FDBE82B7B2E1C00EFD785 /* FirebaseFunctions */,
				973FDBEA2B7B2E1C00EFD785 /* FirebaseFunctionsCombine-Community */,
				973FDBEC2B7B2E1C00EFD785 /* FirebaseInAppMessaging-Beta */,
				973FDBEE2B7B2E1C00EFD785 /* FirebaseInAppMessagingSwift-Beta */,
				973FDBF02B7B2E1C00EFD785 /* FirebaseInstallations */,
				973FDBF22B7B2E1C00EFD785 /* FirebaseMLModelDownloader */,
				973FDBF42B7B2E1C00EFD785 /* FirebaseMessaging */,
				973FDBF62B7B2E1C00EFD785 /* FirebasePerformance */,
				973FDBF82B7B2E1C00EFD785 /* FirebaseRemoteConfig */,
				973FDBFA2B7B2E1C00EFD785 /* FirebaseRemoteConfigSwift */,
				973FDBFC2B7B2E1C00EFD785 /* FirebaseStorage */,
				973FDBFE2B7B2E1C00EFD785 /* FirebaseStorageCombine-Community */,
			);
			productName = AppPawsitive;
			productReference = 973FDB9E2B7B283100EFD785 /* AppPawsitive.app */;
			productType = "com.apple.product-type.application";
		};
/* End PBXNativeTarget section */

/* Begin PBXProject section */
		973FDB962B7B283100EFD785 /* Project object */ = {
			isa = PBXProject;
			attributes = {
				BuildIndependentTargetsInParallel = 1;
				LastSwiftUpdateCheck = 1520;
				LastUpgradeCheck = 1520;
				TargetAttributes = {
					973FDB9D2B7B283100EFD785 = {
						CreatedOnToolsVersion = 15.2;
					};
				};
			};
			buildConfigurationList = 973FDB992B7B283100EFD785 /* Build configuration list for PBXProject "AppPawsitive" */;
			compatibilityVersion = "Xcode 14.0";
			developmentRegion = en;
			hasScannedForEncodings = 0;
			knownRegions = (
				en,
				Base,
			);
			mainGroup = 973FDB952B7B283100EFD785;
			packageReferences = (
				973FDBC92B7B2E1C00EFD785 /* XCRemoteSwiftPackageReference "firebase-ios-sdk" */,
			);
			productRefGroup = 973FDB9F2B7B283100EFD785 /* Products */;
			projectDirPath = "";
			projectRoot = "";
			targets = (
				973FDB9D2B7B283100EFD785 /* AppPawsitive */,
			);
		};
/* End PBXProject section */

/* Begin PBXResourcesBuildPhase section */
		973FDB9C2B7B283100EFD785 /* Resources */ = {
			isa = PBXResourcesBuildPhase;
			buildActionMask = 2147483647;
			files = (
				973FDBA92B7B283300EFD785 /* Preview Assets.xcassets in Resources */,
				973FDBA62B7B283300EFD785 /* Assets.xcassets in Resources */,
				973FDC012B7B2E5A00EFD785 /* GoogleService-Info.plist in Resources */,
			);
			runOnlyForDeploymentPostprocessing = 0;
		};
/* End PBXResourcesBuildPhase section */

/* Begin PBXSourcesBuildPhase section */
		973FDB9A2B7B283100EFD785 /* Sources */ = {
			isa = PBXSourcesBuildPhase;
			buildActionMask = 2147483647;
			files = (
				973FDBC52B7B2A8300EFD785 /* signButton.swift in Sources */,
				973FDBC12B7B2A4000EFD785 /* inputView.swift in Sources */,
				973FDBB82B7B292C00EFD785 /* authViewModel.swift in Sources */,
				973FDBA42B7B283200EFD785 /* ContentView.swift in Sources */,
				973FDBA22B7B283100EFD785 /* AppPawsitiveApp.swift in Sources */,
				973FDBC32B7B2A6100EFD785 /* settingsRowView.swift in Sources */,
				973FDBBD2B7B297600EFD785 /* RegistrationView.swift in Sources */,
				9753C0662B7F302C00CFA486 /* passwordContent.swift in Sources */,
				973FDBBB2B7B295400EFD785 /* LoginPage.swift in Sources */,
				973FDBC82B7B2AD900EFD785 /* userData.swift in Sources */,
				973FDBB32B7B289D00EFD785 /* profileView.swift in Sources */,
			);
			runOnlyForDeploymentPostprocessing = 0;
		};
/* End PBXSourcesBuildPhase section */

/* Begin XCBuildConfiguration section */
		973FDBAA2B7B283300EFD785 /* Debug */ = {
			isa = XCBuildConfiguration;
			buildSettings = {
				ALWAYS_SEARCH_USER_PATHS = NO;
				ASSETCATALOG_COMPILER_GENERATE_SWIFT_ASSET_SYMBOL_EXTENSIONS = YES;
				CLANG_ANALYZER_NONNULL = YES;
				CLANG_ANALYZER_NUMBER_OBJECT_CONVERSION = YES_AGGRESSIVE;
				CLANG_CXX_LANGUAGE_STANDARD = "gnu++20";
				CLANG_ENABLE_MODULES = YES;
				CLANG_ENABLE_OBJC_ARC = YES;
				CLANG_ENABLE_OBJC_WEAK = YES;
				CLANG_WARN_BLOCK_CAPTURE_AUTORELEASING = YES;
				CLANG_WARN_BOOL_CONVERSION = YES;
				CLANG_WARN_COMMA = YES;
				CLANG_WARN_CONSTANT_CONVERSION = YES;
				CLANG_WARN_DEPRECATED_OBJC_IMPLEMENTATIONS = YES;
				CLANG_WARN_DIRECT_OBJC_ISA_USAGE = YES_ERROR;
				CLANG_WARN_DOCUMENTATION_COMMENTS = YES;
				CLANG_WARN_EMPTY_BODY = YES;
				CLANG_WARN_ENUM_CONVERSION = YES;
				CLANG_WARN_INFINITE_RECURSION = YES;
				CLANG_WARN_INT_CONVERSION = YES;
				CLANG_WARN_NON_LITERAL_NULL_CONVERSION = YES;
				CLANG_WARN_OBJC_IMPLICIT_RETAIN_SELF = YES;
				CLANG_WARN_OBJC_LITERAL_CONVERSION = YES;
				CLANG_WARN_OBJC_ROOT_CLASS = YES_ERROR;
				CLANG_WARN_QUOTED_INCLUDE_IN_FRAMEWORK_HEADER = YES;
				CLANG_WARN_RANGE_LOOP_ANALYSIS = YES;
				CLANG_WARN_STRICT_PROTOTYPES = YES;
				CLANG_WARN_SUSPICIOUS_MOVE = YES;
				CLANG_WARN_UNGUARDED_AVAILABILITY = YES_AGGRESSIVE;
				CLANG_WARN_UNREACHABLE_CODE = YES;
				CLANG_WARN__DUPLICATE_METHOD_MATCH = YES;
				COPY_PHASE_STRIP = NO;
				DEBUG_INFORMATION_FORMAT = dwarf;
				ENABLE_STRICT_OBJC_MSGSEND = YES;
				ENABLE_TESTABILITY = YES;
				ENABLE_USER_SCRIPT_SANDBOXING = YES;
				GCC_C_LANGUAGE_STANDARD = gnu17;
				GCC_DYNAMIC_NO_PIC = NO;
				GCC_NO_COMMON_BLOCKS = YES;
				GCC_OPTIMIZATION_LEVEL = 0;
				GCC_PREPROCESSOR_DEFINITIONS = (
					"DEBUG=1",
					"$(inherited)",
				);
				GCC_WARN_64_TO_32_BIT_CONVERSION = YES;
				GCC_WARN_ABOUT_RETURN_TYPE = YES_ERROR;
				GCC_WARN_UNDECLARED_SELECTOR = YES;
				GCC_WARN_UNINITIALIZED_AUTOS = YES_AGGRESSIVE;
				GCC_WARN_UNUSED_FUNCTION = YES;
				GCC_WARN_UNUSED_VARIABLE = YES;
				IPHONEOS_DEPLOYMENT_TARGET = 17.2;
				LOCALIZATION_PREFERS_STRING_CATALOGS = YES;
				MTL_ENABLE_DEBUG_INFO = INCLUDE_SOURCE;
				MTL_FAST_MATH = YES;
				ONLY_ACTIVE_ARCH = YES;
				SDKROOT = iphoneos;
				SWIFT_ACTIVE_COMPILATION_CONDITIONS = "DEBUG $(inherited)";
				SWIFT_OPTIMIZATION_LEVEL = "-Onone";
			};
			name = Debug;
		};
		973FDBAB2B7B283300EFD785 /* Release */ = {
			isa = XCBuildConfiguration;
			buildSettings = {
				ALWAYS_SEARCH_USER_PATHS = NO;
				ASSETCATALOG_COMPILER_GENERATE_SWIFT_ASSET_SYMBOL_EXTENSIONS = YES;
				CLANG_ANALYZER_NONNULL = YES;
				CLANG_ANALYZER_NUMBER_OBJECT_CONVERSION = YES_AGGRESSIVE;
				CLANG_CXX_LANGUAGE_STANDARD = "gnu++20";
				CLANG_ENABLE_MODULES = YES;
				CLANG_ENABLE_OBJC_ARC = YES;
				CLANG_ENABLE_OBJC_WEAK = YES;
				CLANG_WARN_BLOCK_CAPTURE_AUTORELEASING = YES;
				CLANG_WARN_BOOL_CONVERSION = YES;
				CLANG_WARN_COMMA = YES;
				CLANG_WARN_CONSTANT_CONVERSION = YES;
				CLANG_WARN_DEPRECATED_OBJC_IMPLEMENTATIONS = YES;
				CLANG_WARN_DIRECT_OBJC_ISA_USAGE = YES_ERROR;
				CLANG_WARN_DOCUMENTATION_COMMENTS = YES;
				CLANG_WARN_EMPTY_BODY = YES;
				CLANG_WARN_ENUM_CONVERSION = YES;
				CLANG_WARN_INFINITE_RECURSION = YES;
				CLANG_WARN_INT_CONVERSION = YES;
				CLANG_WARN_NON_LITERAL_NULL_CONVERSION = YES;
				CLANG_WARN_OBJC_IMPLICIT_RETAIN_SELF = YES;
				CLANG_WARN_OBJC_LITERAL_CONVERSION = YES;
				CLANG_WARN_OBJC_ROOT_CLASS = YES_ERROR;
				CLANG_WARN_QUOTED_INCLUDE_IN_FRAMEWORK_HEADER = YES;
				CLANG_WARN_RANGE_LOOP_ANALYSIS = YES;
				CLANG_WARN_STRICT_PROTOTYPES = YES;
				CLANG_WARN_SUSPICIOUS_MOVE = YES;
				CLANG_WARN_UNGUARDED_AVAILABILITY = YES_AGGRESSIVE;
				CLANG_WARN_UNREACHABLE_CODE = YES;
				CLANG_WARN__DUPLICATE_METHOD_MATCH = YES;
				COPY_PHASE_STRIP = NO;
				DEBUG_INFORMATION_FORMAT = "dwarf-with-dsym";
				ENABLE_NS_ASSERTIONS = NO;
				ENABLE_STRICT_OBJC_MSGSEND = YES;
				ENABLE_USER_SCRIPT_SANDBOXING = YES;
				GCC_C_LANGUAGE_STANDARD = gnu17;
				GCC_NO_COMMON_BLOCKS = YES;
				GCC_WARN_64_TO_32_BIT_CONVERSION = YES;
				GCC_WARN_ABOUT_RETURN_TYPE = YES_ERROR;
				GCC_WARN_UNDECLARED_SELECTOR = YES;
				GCC_WARN_UNINITIALIZED_AUTOS = YES_AGGRESSIVE;
				GCC_WARN_UNUSED_FUNCTION = YES;
				GCC_WARN_UNUSED_VARIABLE = YES;
				IPHONEOS_DEPLOYMENT_TARGET = 17.2;
				LOCALIZATION_PREFERS_STRING_CATALOGS = YES;
				MTL_ENABLE_DEBUG_INFO = NO;
				MTL_FAST_MATH = YES;
				SDKROOT = iphoneos;
				SWIFT_COMPILATION_MODE = wholemodule;
				VALIDATE_PRODUCT = YES;
			};
			name = Release;
		};
		973FDBAD2B7B283300EFD785 /* Debug */ = {
			isa = XCBuildConfiguration;
			buildSettings = {
				ASSETCATALOG_COMPILER_APPICON_NAME = AppIcon;
				ASSETCATALOG_COMPILER_GLOBAL_ACCENT_COLOR_NAME = AccentColor;
				CODE_SIGN_STYLE = Automatic;
				CURRENT_PROJECT_VERSION = 1;
				DEVELOPMENT_ASSET_PATHS = "\"AppPawsitive/Preview Content\"";
				ENABLE_PREVIEWS = YES;
				GENERATE_INFOPLIST_FILE = YES;
				INFOPLIST_KEY_UIApplicationSceneManifest_Generation = YES;
				INFOPLIST_KEY_UIApplicationSupportsIndirectInputEvents = YES;
				INFOPLIST_KEY_UILaunchScreen_Generation = YES;
				INFOPLIST_KEY_UISupportedInterfaceOrientations_iPad = "UIInterfaceOrientationPortrait UIInterfaceOrientationPortraitUpsideDown UIInterfaceOrientationLandscapeLeft UIInterfaceOrientationLandscapeRight";
				INFOPLIST_KEY_UISupportedInterfaceOrientations_iPhone = "UIInterfaceOrientationPortrait UIInterfaceOrientationLandscapeLeft UIInterfaceOrientationLandscapeRight";
				LD_RUNPATH_SEARCH_PATHS = (
					"$(inherited)",
					"@executable_path/Frameworks",
				);
				MARKETING_VERSION = 1.0;
				PRODUCT_BUNDLE_IDENTIFIER = me.silva.dylan.AppPawsitive;
				PRODUCT_NAME = "$(TARGET_NAME)";
				SWIFT_EMIT_LOC_STRINGS = YES;
				SWIFT_VERSION = 5.0;
				TARGETED_DEVICE_FAMILY = "1,2";
			};
			name = Debug;
		};
		973FDBAE2B7B283300EFD785 /* Release */ = {
			isa = XCBuildConfiguration;
			buildSettings = {
				ASSETCATALOG_COMPILER_APPICON_NAME = AppIcon;
				ASSETCATALOG_COMPILER_GLOBAL_ACCENT_COLOR_NAME = AccentColor;
				CODE_SIGN_STYLE = Automatic;
				CURRENT_PROJECT_VERSION = 1;
				DEVELOPMENT_ASSET_PATHS = "\"AppPawsitive/Preview Content\"";
				ENABLE_PREVIEWS = YES;
				GENERATE_INFOPLIST_FILE = YES;
				INFOPLIST_KEY_UIApplicationSceneManifest_Generation = YES;
				INFOPLIST_KEY_UIApplicationSupportsIndirectInputEvents = YES;
				INFOPLIST_KEY_UILaunchScreen_Generation = YES;
				INFOPLIST_KEY_UISupportedInterfaceOrientations_iPad = "UIInterfaceOrientationPortrait UIInterfaceOrientationPortraitUpsideDown UIInterfaceOrientationLandscapeLeft UIInterfaceOrientationLandscapeRight";
				INFOPLIST_KEY_UISupportedInterfaceOrientations_iPhone = "UIInterfaceOrientationPortrait UIInterfaceOrientationLandscapeLeft UIInterfaceOrientationLandscapeRight";
				LD_RUNPATH_SEARCH_PATHS = (
					"$(inherited)",
					"@executable_path/Frameworks",
				);
				MARKETING_VERSION = 1.0;
				PRODUCT_BUNDLE_IDENTIFIER = me.silva.dylan.AppPawsitive;
				PRODUCT_NAME = "$(TARGET_NAME)";
				SWIFT_EMIT_LOC_STRINGS = YES;
				SWIFT_VERSION = 5.0;
				TARGETED_DEVICE_FAMILY = "1,2";
			};
			name = Release;
		};
/* End XCBuildConfiguration section */

/* Begin XCConfigurationList section */
		973FDB992B7B283100EFD785 /* Build configuration list for PBXProject "AppPawsitive" */ = {
			isa = XCConfigurationList;
			buildConfigurations = (
				973FDBAA2B7B283300EFD785 /* Debug */,
				973FDBAB2B7B283300EFD785 /* Release */,
			);
			defaultConfigurationIsVisible = 0;
			defaultConfigurationName = Release;
		};
		973FDBAC2B7B283300EFD785 /* Build configuration list for PBXNativeTarget "AppPawsitive" */ = {
			isa = XCConfigurationList;
			buildConfigurations = (
				973FDBAD2B7B283300EFD785 /* Debug */,
				973FDBAE2B7B283300EFD785 /* Release */,
			);
			defaultConfigurationIsVisible = 0;
			defaultConfigurationName = Release;
		};
/* End XCConfigurationList section */

/* Begin XCRemoteSwiftPackageReference section */
		973FDBC92B7B2E1C00EFD785 /* XCRemoteSwiftPackageReference "firebase-ios-sdk" */ = {
			isa = XCRemoteSwiftPackageReference;
			repositoryURL = "https://github.com/firebase/firebase-ios-sdk";
			requirement = {
				kind = upToNextMajorVersion;
				minimumVersion = 10.21.0;
			};
		};
/* End XCRemoteSwiftPackageReference section */

/* Begin XCSwiftPackageProductDependency section */
		973FDBCA2B7B2E1C00EFD785 /* FirebaseAnalytics */ = {
			isa = XCSwiftPackageProductDependency;
			package = 973FDBC92B7B2E1C00EFD785 /* XCRemoteSwiftPackageReference "firebase-ios-sdk" */;
			productName = FirebaseAnalytics;
		};
		973FDBCC2B7B2E1C00EFD785 /* FirebaseAnalyticsOnDeviceConversion */ = {
			isa = XCSwiftPackageProductDependency;
			package = 973FDBC92B7B2E1C00EFD785 /* XCRemoteSwiftPackageReference "firebase-ios-sdk" */;
			productName = FirebaseAnalyticsOnDeviceConversion;
		};
		973FDBCE2B7B2E1C00EFD785 /* FirebaseAnalyticsSwift */ = {
			isa = XCSwiftPackageProductDependency;
			package = 973FDBC92B7B2E1C00EFD785 /* XCRemoteSwiftPackageReference "firebase-ios-sdk" */;
			productName = FirebaseAnalyticsSwift;
		};
		973FDBD02B7B2E1C00EFD785 /* FirebaseAnalyticsWithoutAdIdSupport */ = {
			isa = XCSwiftPackageProductDependency;
			package = 973FDBC92B7B2E1C00EFD785 /* XCRemoteSwiftPackageReference "firebase-ios-sdk" */;
			productName = FirebaseAnalyticsWithoutAdIdSupport;
		};
		973FDBD22B7B2E1C00EFD785 /* FirebaseAppCheck */ = {
			isa = XCSwiftPackageProductDependency;
			package = 973FDBC92B7B2E1C00EFD785 /* XCRemoteSwiftPackageReference "firebase-ios-sdk" */;
			productName = FirebaseAppCheck;
		};
		973FDBD42B7B2E1C00EFD785 /* FirebaseAppDistribution-Beta */ = {
			isa = XCSwiftPackageProductDependency;
			package = 973FDBC92B7B2E1C00EFD785 /* XCRemoteSwiftPackageReference "firebase-ios-sdk" */;
			productName = "FirebaseAppDistribution-Beta";
		};
		973FDBD62B7B2E1C00EFD785 /* FirebaseAuth */ = {
			isa = XCSwiftPackageProductDependency;
			package = 973FDBC92B7B2E1C00EFD785 /* XCRemoteSwiftPackageReference "firebase-ios-sdk" */;
			productName = FirebaseAuth;
		};
		973FDBD82B7B2E1C00EFD785 /* FirebaseAuthCombine-Community */ = {
			isa = XCSwiftPackageProductDependency;
			package = 973FDBC92B7B2E1C00EFD785 /* XCRemoteSwiftPackageReference "firebase-ios-sdk" */;
			productName = "FirebaseAuthCombine-Community";
		};
		973FDBDA2B7B2E1C00EFD785 /* FirebaseCrashlytics */ = {
			isa = XCSwiftPackageProductDependency;
			package = 973FDBC92B7B2E1C00EFD785 /* XCRemoteSwiftPackageReference "firebase-ios-sdk" */;
			productName = FirebaseCrashlytics;
		};
		973FDBDC2B7B2E1C00EFD785 /* FirebaseDatabase */ = {
			isa = XCSwiftPackageProductDependency;
			package = 973FDBC92B7B2E1C00EFD785 /* XCRemoteSwiftPackageReference "firebase-ios-sdk" */;
			productName = FirebaseDatabase;
		};
		973FDBDE2B7B2E1C00EFD785 /* FirebaseDatabaseSwift */ = {
			isa = XCSwiftPackageProductDependency;
			package = 973FDBC92B7B2E1C00EFD785 /* XCRemoteSwiftPackageReference "firebase-ios-sdk" */;
			productName = FirebaseDatabaseSwift;
		};
		973FDBE02B7B2E1C00EFD785 /* FirebaseDynamicLinks */ = {
			isa = XCSwiftPackageProductDependency;
			package = 973FDBC92B7B2E1C00EFD785 /* XCRemoteSwiftPackageReference "firebase-ios-sdk" */;
			productName = FirebaseDynamicLinks;
		};
		973FDBE22B7B2E1C00EFD785 /* FirebaseFirestore */ = {
			isa = XCSwiftPackageProductDependency;
			package = 973FDBC92B7B2E1C00EFD785 /* XCRemoteSwiftPackageReference "firebase-ios-sdk" */;
			productName = FirebaseFirestore;
		};
		973FDBE42B7B2E1C00EFD785 /* FirebaseFirestoreCombine-Community */ = {
			isa = XCSwiftPackageProductDependency;
			package = 973FDBC92B7B2E1C00EFD785 /* XCRemoteSwiftPackageReference "firebase-ios-sdk" */;
			productName = "FirebaseFirestoreCombine-Community";
		};
		973FDBE62B7B2E1C00EFD785 /* FirebaseFirestoreSwift */ = {
			isa = XCSwiftPackageProductDependency;
			package = 973FDBC92B7B2E1C00EFD785 /* XCRemoteSwiftPackageReference "firebase-ios-sdk" */;
			productName = FirebaseFirestoreSwift;
		};
		973FDBE82B7B2E1C00EFD785 /* FirebaseFunctions */ = {
			isa = XCSwiftPackageProductDependency;
			package = 973FDBC92B7B2E1C00EFD785 /* XCRemoteSwiftPackageReference "firebase-ios-sdk" */;
			productName = FirebaseFunctions;
		};
		973FDBEA2B7B2E1C00EFD785 /* FirebaseFunctionsCombine-Community */ = {
			isa = XCSwiftPackageProductDependency;
			package = 973FDBC92B7B2E1C00EFD785 /* XCRemoteSwiftPackageReference "firebase-ios-sdk" */;
			productName = "FirebaseFunctionsCombine-Community";
		};
		973FDBEC2B7B2E1C00EFD785 /* FirebaseInAppMessaging-Beta */ = {
			isa = XCSwiftPackageProductDependency;
			package = 973FDBC92B7B2E1C00EFD785 /* XCRemoteSwiftPackageReference "firebase-ios-sdk" */;
			productName = "FirebaseInAppMessaging-Beta";
		};
		973FDBEE2B7B2E1C00EFD785 /* FirebaseInAppMessagingSwift-Beta */ = {
			isa = XCSwiftPackageProductDependency;
			package = 973FDBC92B7B2E1C00EFD785 /* XCRemoteSwiftPackageReference "firebase-ios-sdk" */;
			productName = "FirebaseInAppMessagingSwift-Beta";
		};
		973FDBF02B7B2E1C00EFD785 /* FirebaseInstallations */ = {
			isa = XCSwiftPackageProductDependency;
			package = 973FDBC92B7B2E1C00EFD785 /* XCRemoteSwiftPackageReference "firebase-ios-sdk" */;
			productName = FirebaseInstallations;
		};
		973FDBF22B7B2E1C00EFD785 /* FirebaseMLModelDownloader */ = {
			isa = XCSwiftPackageProductDependency;
			package = 973FDBC92B7B2E1C00EFD785 /* XCRemoteSwiftPackageReference "firebase-ios-sdk" */;
			productName = FirebaseMLModelDownloader;
		};
		973FDBF42B7B2E1C00EFD785 /* FirebaseMessaging */ = {
			isa = XCSwiftPackageProductDependency;
			package = 973FDBC92B7B2E1C00EFD785 /* XCRemoteSwiftPackageReference "firebase-ios-sdk" */;
			productName = FirebaseMessaging;
		};
		973FDBF62B7B2E1C00EFD785 /* FirebasePerformance */ = {
			isa = XCSwiftPackageProductDependency;
			package = 973FDBC92B7B2E1C00EFD785 /* XCRemoteSwiftPackageReference "firebase-ios-sdk" */;
			productName = FirebasePerformance;
		};
		973FDBF82B7B2E1C00EFD785 /* FirebaseRemoteConfig */ = {
			isa = XCSwiftPackageProductDependency;
			package = 973FDBC92B7B2E1C00EFD785 /* XCRemoteSwiftPackageReference "firebase-ios-sdk" */;
			productName = FirebaseRemoteConfig;
		};
		973FDBFA2B7B2E1C00EFD785 /* FirebaseRemoteConfigSwift */ = {
			isa = XCSwiftPackageProductDependency;
			package = 973FDBC92B7B2E1C00EFD785 /* XCRemoteSwiftPackageReference "firebase-ios-sdk" */;
			productName = FirebaseRemoteConfigSwift;
		};
		973FDBFC2B7B2E1C00EFD785 /* FirebaseStorage */ = {
			isa = XCSwiftPackageProductDependency;
			package = 973FDBC92B7B2E1C00EFD785 /* XCRemoteSwiftPackageReference "firebase-ios-sdk" */;
			productName = FirebaseStorage;
		};
		973FDBFE2B7B2E1C00EFD785 /* FirebaseStorageCombine-Community */ = {
			isa = XCSwiftPackageProductDependency;
			package = 973FDBC92B7B2E1C00EFD785 /* XCRemoteSwiftPackageReference "firebase-ios-sdk" */;
			productName = "FirebaseStorageCombine-Community";
		};
/* End XCSwiftPackageProductDependency section */
	};
	rootObject = 973FDB962B7B283100EFD785 /* Project object */;
}
